
Microsoft Visual Studio Solution File, Format Version 12.00
# Visual Studio Version 16
VisualStudioVersion = 16.0.30014.187
MinimumVisualStudioVersion = 10.0.40219.1
Project("{9A19103F-16F7-4668-BE54-9A1E7A4F7556}") = "Core", "Core\Core.csproj", "{7C7FB0E5-9864-4752-88F2-08C9351EF3CA}"
EndProject
Project("{9A19103F-16F7-4668-BE54-9A1E7A4F7556}") = "UnitTest", "UnitTest\UnitTest.csproj", "{739222E0-0D65-4B22-8093-AACF6B463BBB}"
EndProject
Project("{9A19103F-16F7-4668-BE54-9A1E7A4F7556}") = "CLI", "CLI\CLI.csproj", "{AFC7A266-F3A5-4798-AED1-E44BEFC0BDEF}"
EndProject
Project("{FAE04EC0-301F-11D3-BF4B-00C04F79EFBC}") = "API", "API\API.csproj", "{8EF21AC6-1BA6-48B0-A16C-6A660568AE2F}"
EndProject
Global
	GlobalSection(SolutionConfigurationPlatforms) = preSolution
		Debug|Any CPU = Debug|Any CPU
		Release|Any CPU = Release|Any CPU
	EndGlobalSection
	GlobalSection(ProjectConfigurationPlatforms) = postSolution
		{7C7FB0E5-9864-4752-88F2-08C9351EF3CA}.Debug|Any CPU.ActiveCfg = Debug|Any CPU
		{7C7FB0E5-9864-4752-88F2-08C9351EF3CA}.Debug|Any CPU.Build.0 = Debug|Any CPU
		{7C7FB0E5-9864-4752-88F2-08C9351EF3CA}.Release|Any CPU.ActiveCfg = Release|Any CPU
		{7C7FB0E5-9864-4752-88F2-08C9351EF3CA}.Release|Any CPU.Build.0 = Release|Any CPU
		{739222E0-0D65-4B22-8093-AACF6B463BBB}.Debug|Any CPU.ActiveCfg = Debug|Any CPU
		{739222E0-0D65-4B22-8093-AACF6B463BBB}.Debug|Any CPU.Build.0 = Debug|Any CPU
		{739222E0-0D65-4B22-8093-AACF6B463BBB}.Release|Any CPU.ActiveCfg = Release|Any CPU
		{739222E0-0D65-4B22-8093-AACF6B463BBB}.Release|Any CPU.Build.0 = Release|Any CPU
		{AFC7A266-F3A5-4798-AED1-E44BEFC0BDEF}.Debug|Any CPU.ActiveCfg = Debug|Any CPU
		{AFC7A266-F3A5-4798-AED1-E44BEFC0BDEF}.Debug|Any CPU.Build.0 = Debug|Any CPU
		{AFC7A266-F3A5-4798-AED1-E44BEFC0BDEF}.Release|Any CPU.ActiveCfg = Release|Any CPU
		{AFC7A266-F3A5-4798-AED1-E44BEFC0BDEF}.Release|Any CPU.Build.0 = Release|Any CPU
		{8EF21AC6-1BA6-48B0-A16C-6A660568AE2F}.Debug|Any CPU.ActiveCfg = Debug|Any CPU
		{8EF21AC6-1BA6-48B0-A16C-6A660568AE2F}.Debug|Any CPU.Build.0 = Debug|Any CPU
		{8EF21AC6-1BA6-48B0-A16C-6A660568AE2F}.Release|Any CPU.ActiveCfg = Release|Any CPU
		{8EF21AC6-1BA6-48B0-A16C-6A660568AE2F}.Release|Any CPU.Build.0 = Release|Any CPU
	EndGlobalSection
	GlobalSection(SolutionProperties) = preSolution
		HideSolutionNode = FALSE
	EndGlobalSection
	GlobalSection(ExtensibilityGlobals) = postSolution
		SolutionGuid = {59066A8F-268E-42C6-BDF9-D5543B835CFE}
	EndGlobalSection
EndGlobal
