
Microsoft Visual Studio Solution File, Format Version 12.00
# Visual Studio Version 16
VisualStudioVersion = 16.0.30014.187
MinimumVisualStudioVersion = 10.0.40219.1
Project("{9A19103F-16F7-4668-BE54-9A1E7A4F7556}") = "Core", "Core.csproj", "{7C7FB0E5-9864-4752-88F2-08C9351EF3CA}"
EndProject
Project("{9A19103F-16F7-4668-BE54-9A1E7A4F7556}") = "UnitTest", "..\UnitTest\UnitTest.csproj", "{B4293955-82F6-45A0-A719-9A56FD5F25FA}"
EndProject
Global
	GlobalSection(SolutionConfigurationPlatforms) = preSolution
		Debug|Any CPU = Debug|Any CPU
		Release|Any CPU = Release|Any CPU
	EndGlobalSection
	GlobalSection(ProjectConfigurationPlatforms) = postSolution
		{7C7FB0E5-9864-4752-88F2-08C9351EF3CA}.Debug|Any CPU.ActiveCfg = Debug|Any CPU
		{7C7FB0E5-9864-4752-88F2-08C9351EF3CA}.Debug|Any CPU.Build.0 = Debug|Any CPU
		{7C7FB0E5-9864-4752-88F2-08C9351EF3CA}.Release|Any CPU.ActiveCfg = Release|Any CPU
		{7C7FB0E5-9864-4752-88F2-08C9351EF3CA}.Release|Any CPU.Build.0 = Release|Any CPU
		{B4293955-82F6-45A0-A719-9A56FD5F25FA}.Debug|Any CPU.ActiveCfg = Debug|Any CPU
		{B4293955-82F6-45A0-A719-9A56FD5F25FA}.Debug|Any CPU.Build.0 = Debug|Any CPU
		{B4293955-82F6-45A0-A719-9A56FD5F25FA}.Release|Any CPU.ActiveCfg = Release|Any CPU
		{B4293955-82F6-45A0-A719-9A56FD5F25FA}.Release|Any CPU.Build.0 = Release|Any CPU
	EndGlobalSection
	GlobalSection(SolutionProperties) = preSolution
		HideSolutionNode = FALSE
	EndGlobalSection
	GlobalSection(ExtensibilityGlobals) = postSolution
		SolutionGuid = {59066A8F-268E-42C6-BDF9-D5543B835CFE}
	EndGlobalSection
EndGlobal
